{
  "lockfile-version": 1,
  "manifest": {
    "schema-version": "1.11.0",
    "install": {
      "awscli2": {
        "pkg-path": "awscli2"
      },
      "nodejs": {
        "pkg-path": "nodejs"
      },
      "pnpm": {
        "pkg-path": "pnpm"
      },
      "terraform": {
        "pkg-path": "terraform"
      },
      "xvfb-run": {
        "pkg-path": "xvfb-run",
        "systems": [
          "x86_64-linux",
          "aarch64-linux"
        ]
      }
    },
    "hook": {},
    "profile": {},
    "options": {}
  },
  "packages": [
    {
      "attr_path": "awscli2",
      "broken": false,
      "derivation": "/nix/store/jcsnqlk4i3dnp7b6cv09h3hxs3gs60gv-awscli2-2.33.2.drv",
      "description": "Unified tool to manage your AWS services",
      "install_id": "awscli2",
      "license": "Apache-2.0",
      "locked_url": "https://github.com/flox/nixpkgs?rev=8110df5ad7abf5d4c0f6fb0f8f978390e77f9685",
      "name": "awscli2-2.33.2",
      "pname": "awscli2",
      "rev": "8110df5ad7abf5d4c0f6fb0f8f978390e77f9685",
      "rev_count": 971119,
      "rev_date": "2026-03-28T14:48:23Z",
      "scrape_date": "2026-03-30T03:37:19.576929Z",
      "stabilities": [
        "unstable"
      ],
      "unfree": false,
      "version": "2.33.2",
      "outputs_to_install": [
        "out"
      ],
      "outputs": {
        "dist": "/nix/store/d69v4alcr01vrdvdxx2kmlfj24fgrivq-awscli2-2.33.2-dist",
        "out": "/nix/store/0xqxrmhc1rks5vck4zch8yj950rjjalj-awscli2-2.33.2"
      },
      "system": "aarch64-darwin",
      "group": "toplevel",
      "priority": 5
    },
    {
      "attr_path": "awscli2",
      "broken": false,
      "derivation": "/nix/store/40d3zhavybn0241ddkqnvlh3r3180dr3-awscli2-2.33.2.drv",
      "description": "Unified tool to manage your AWS services",
      "install_id": "awscli2",
      "license": "Apache-2.0",
      "locked_url": "https://github.com/flox/nixpkgs?rev=8110df5ad7abf5d4c0f6fb0f8f978390e77f9685",
      "name": "awscli2-2.33.2",
      "pname": "awscli2",
      "rev": "8110df5ad7abf5d4c0f6fb0f8f978390e77f9685",
      "rev_count": 971119,
      "rev_date": "2026-03-28T14:48:23Z",
      "scrape_date": "2026-03-30T04:09:53.898842Z",
      "stabilities": [
        "unstable"
      ],
      "unfree": false,
      "version": "2.33.2",
      "outputs_to_install": [
        "out"
      ],
      "outputs": {
        "dist": "/nix/store/i7arbg8h3gjxxg4zizf29k9hwfph9bc5-awscli2-2.33.2-dist",
        "out": "/nix/store/krfjxaxazl6102mgyzal0440inmif559-awscli2-2.33.2"
      },
      "system": "aarch64-linux",
      "group": "toplevel",
      "priority": 5
    },
    {
      "attr_path": "awscli2",
      "broken": false,
      "derivation": "/nix/store/fn7r8ncnkx76q0g97kbbnm2kf8ac7i5h-awscli2-2.33.2.drv",
      "description": "Unified tool to manage your AWS services",
      "install_id": "awscli2",
      "license": "Apache-2.0",
      "locked_url": "https://github.com/flox/nixpkgs?rev=8110df5ad7abf5d4c0f6fb0f8f978390e77f9685",
      "name": "awscli2-2.33.2",
      "pname": "awscli2",
      "rev": "8110df5ad7abf5d4c0f6fb0f8f978390e77f9685",
      "rev_count": 971119,
      "rev_date": "2026-03-28T14:48:23Z",
      "scrape_date": "2026-03-30T04:40:38.807249Z",
      "stabilities": [
        "unstable"
      ],
      "unfree": false,
      "version": "2.33.2",
      "outputs_to_install": [
        "out"
      ],
      "outputs": {
        "dist": "/nix/store/3ndhi3ws18g2xk1vkxlxdbra0lrsqbxm-awscli2-2.33.2-dist",
        "out": "/nix/store/r5slk3dca249mw1nd3gs1hngpqz8jq6p-awscli2-2.33.2"
      },
      "system": "x86_64-darwin",
      "group": "toplevel",
      "priority": 5
    },
    {
      "attr_path": "awscli2",
      "broken": false,
      "derivation": "/nix/store/njnra83lrxr1cjfb6lscczqw84wjiy3z-awscli2-2.33.2.drv",
      "description": "Unified tool to manage your AWS services",
      "install_id": "awscli2",
      "license": "Apache-2.0",
      "locked_url": "https://github.com/flox/nixpkgs?rev=8110df5ad7abf5d4c0f6fb0f8f978390e77f9685",
      "name": "awscli2-2.33.2",
      "pname": "awscli2",
      "rev": "8110df5ad7abf5d4c0f6fb0f8f978390e77f9685",
      "rev_count": 971119,
      "rev_date": "2026-03-28T14:48:23Z",
      "scrape_date": "2026-03-30T05:16:14.200592Z",
      "stabilities": [
        "unstable"
      ],
      "unfree": false,
      "version": "2.33.2",
      "outputs_to_install": [
        "out"
      ],
      "outputs": {
        "dist": "/nix/store/h7a6x8320427nqq3ddgzmaz8mv4pp2jw-awscli2-2.33.2-dist",
        "out": "/nix/store/7bg4pfkyhqqr5m5v35697v4rkimsapcy-awscli2-2.33.2"
      },
      "system": "x86_64-linux",
      "group": "toplevel",
      "priority": 5
    },
    {
      "attr_path": "nodejs",
      "broken": false,
      "derivation": "/nix/store/g2yfx00n1lp9i8ka7nbl11fawc0yfm7n-nodejs-24.14.0.drv",
      "description": "Event-driven I/O framework for the V8 JavaScript engine",
      "install_id": "nodejs",
      "license": "MIT",
      "locked_url": "https://github.com/flox/nixpkgs?rev=8110df5ad7abf5d4c0f6fb0f8f978390e77f9685",
      "name": "nodejs-24.14.0",
      "pname": "nodejs",
      "rev": "8110df5ad7abf5d4c0f6fb0f8f978390e77f9685",
      "rev_count": 971119,
      "rev_date": "2026-03-28T14:48:23Z",
      "scrape_date": "2026-03-30T03:37:44.188491Z",
      "stabilities": [
        "unstable"
      ],
      "unfree": false,
      "version": "24.14.0",
      "outputs_to_install": [
        "out"
      ],
      "outputs": {
        "out": "/nix/store/d5hw52iialz64hvfzfp9qm1gr2fp43kx-nodejs-24.14.0"
      },
      "system": "aarch64-darwin",
      "group": "toplevel",
      "priority": 5
    },
    {
      "attr_path": "nodejs",
      "broken": false,
      "derivation": "/nix/store/jj8rw2gnisil7dw10xi2qdinad9jqp7s-nodejs-24.14.0.drv",
      "description": "Event-driven I/O framework for the V8 JavaScript engine",
      "install_id": "nodejs",
      "license": "MIT",
      "locked_url": "https://github.com/flox/nixpkgs?rev=8110df5ad7abf5d4c0f6fb0f8f978390e77f9685",
      "name": "nodejs-24.14.0",
      "pname": "nodejs",
      "rev": "8110df5ad7abf5d4c0f6fb0f8f978390e77f9685",
      "rev_count": 971119,
      "rev_date": "2026-03-28T14:48:23Z",
      "scrape_date": "2026-03-30T04:10:33.055894Z",
      "stabilities": [
        "unstable"
      ],
      "unfree": false,
      "version": "24.14.0",
      "outputs_to_install": [
        "out"
      ],
      "outputs": {
        "out": "/nix/store/vs8zaq8fvbbjqfg4bzn424kn55sj7s7y-nodejs-24.14.0"
      },
      "system": "aarch64-linux",
      "group": "toplevel",
      "priority": 5
    },
    {
      "attr_path": "nodejs",
      "broken": false,
      "derivation": "/nix/store/l9ksrfa960964gqf23yfr7a66a2n18c1-nodejs-24.14.0.drv",
      "description": "Event-driven I/O framework for the V8 JavaScript engine",
      "install_id": "nodejs",
      "license": "MIT",
      "locked_url": "https://github.com/flox/nixpkgs?rev=8110df5ad7abf5d4c0f6fb0f8f978390e77f9685",
      "name": "nodejs-24.14.0",
      "pname": "nodejs",
      "rev": "8110df5ad7abf5d4c0f6fb0f8f978390e77f9685",
      "rev_count": 971119,
      "rev_date": "2026-03-28T14:48:23Z",
      "scrape_date": "2026-03-30T04:41:03.483286Z",
      "stabilities": [
        "unstable"
      ],
      "unfree": false,
      "version": "24.14.0",
      "outputs_to_install": [
        "out"
      ],
      "outputs": {
        "out": "/nix/store/70ypbaj273w2kk0nrs4vijizyqgbg48v-nodejs-24.14.0"
      },
      "system": "x86_64-darwin",
      "group": "toplevel",
      "priority": 5
    },
    {
      "attr_path": "nodejs",
      "broken": false,
      "derivation": "/nix/store/15s1kk2n6vg180wg04wj2wgnl19f03v7-nodejs-24.14.0.drv",
      "description": "Event-driven I/O framework for the V8 JavaScript engine",
      "install_id": "nodejs",
      "license": "MIT",
      "locked_url": "https://github.com/flox/nixpkgs?rev=8110df5ad7abf5d4c0f6fb0f8f978390e77f9685",
      "name": "nodejs-24.14.0",
      "pname": "nodejs",
      "rev": "8110df5ad7abf5d4c0f6fb0f8f978390e77f9685",
      "rev_count": 971119,
      "rev_date": "2026-03-28T14:48:23Z",
      "scrape_date": "2026-03-30T05:16:55.941803Z",
      "stabilities": [
        "unstable"
      ],
      "unfree": false,
      "version": "24.14.0",
      "outputs_to_install": [
        "out"
      ],
      "outputs": {
        "out": "/nix/store/v2210ar51jddnrcx46m53ivv9palc26m-nodejs-24.14.0"
      },
      "system": "x86_64-linux",
      "group": "toplevel",
      "priority": 5
    },
    {
      "attr_path": "pnpm",
      "broken": false,
      "derivation": "/nix/store/j5p5vcdra3lxq7idm2pq4bhdix420ay2-pnpm-10.33.0.drv",
      "description": "Fast, disk space efficient package manager for JavaScript",
      "install_id": "pnpm",
      "license": "MIT",
      "locked_url": "https://github.com/flox/nixpkgs?rev=8110df5ad7abf5d4c0f6fb0f8f978390e77f9685",
      "name": "pnpm-10.33.0",
      "pname": "pnpm",
      "rev": "8110df5ad7abf5d4c0f6fb0f8f978390e77f9685",
      "rev_count": 971119,
      "rev_date": "2026-03-28T14:48:23Z",
      "scrape_date": "2026-03-30T03:37:58.167294Z",
      "stabilities": [
        "unstable"
      ],
      "unfree": false,
      "version": "10.33.0",
      "outputs_to_install": [
        "out"
      ],
      "outputs": {
        "out": "/nix/store/ikniys3wki91s94zh7wpnf9rf8806msv-pnpm-10.33.0"
      },
      "system": "aarch64-darwin",
      "group": "toplevel",
      "priority": 5
    },
    {
      "attr_path": "pnpm",
      "broken": false,
      "derivation": "/nix/store/jqc69fv43sjsjv67a3xqrdpz9zjw5bhm-pnpm-10.33.0.drv",
      "description": "Fast, disk space efficient package manager for JavaScript",
      "install_id": "pnpm",
      "license": "MIT",
      "locked_url": "https://github.com/flox/nixpkgs?rev=8110df5ad7abf5d4c0f6fb0f8f978390e77f9685",
      "name": "pnpm-10.33.0",
      "pname": "pnpm",
      "rev": "8110df5ad7abf5d4c0f6fb0f8f978390e77f9685",
      "rev_count": 971119,
      "rev_date": "2026-03-28T14:48:23Z",
      "scrape_date": "2026-03-30T04:10:52.630960Z",
      "stabilities": [
        "unstable"
      ],
      "unfree": false,
      "version": "10.33.0",
      "outputs_to_install": [
        "out"
      ],
      "outputs": {
        "out": "/nix/store/5gj7nis9afj3qib78y8vwp5vh5rdr5wn-pnpm-10.33.0"
      },
      "system": "aarch64-linux",
      "group": "toplevel",
      "priority": 5
    },
    {
      "attr_path": "pnpm",
      "broken": false,
      "derivation": "/nix/store/vm0izgp2rm8xzdabkd8kb3r9n5zcxpn7-pnpm-10.33.0.drv",
      "description": "Fast, disk space efficient package manager for JavaScript",
      "install_id": "pnpm",
      "license": "MIT",
      "locked_url": "https://github.com/flox/nixpkgs?rev=8110df5ad7abf5d4c0f6fb0f8f978390e77f9685",
      "name": "pnpm-10.33.0",
      "pname": "pnpm",
      "rev": "8110df5ad7abf5d4c0f6fb0f8f978390e77f9685",
      "rev_count": 971119,
      "rev_date": "2026-03-28T14:48:23Z",
      "scrape_date": "2026-03-30T04:41:17.479384Z",
      "stabilities": [
        "unstable"
      ],
      "unfree": false,
      "version": "10.33.0",
      "outputs_to_install": [
        "out"
      ],
      "outputs": {
        "out": "/nix/store/a8425q8kcj0r6x13c50z52y9f23b43kh-pnpm-10.33.0"
      },
      "system": "x86_64-darwin",
      "group": "toplevel",
      "priority": 5
    },
    {
      "attr_path": "pnpm",
      "broken": false,
      "derivation": "/nix/store/rrmdv7a9p91v5x4qnmm0qq013995rg2j-pnpm-10.33.0.drv",
      "description": "Fast, disk space efficient package manager for JavaScript",
      "install_id": "pnpm",
      "license": "MIT",
      "locked_url": "https://github.com/flox/nixpkgs?rev=8110df5ad7abf5d4c0f6fb0f8f978390e77f9685",
      "name": "pnpm-10.33.0",
      "pname": "pnpm",
      "rev": "8110df5ad7abf5d4c0f6fb0f8f978390e77f9685",
      "rev_count": 971119,
      "rev_date": "2026-03-28T14:48:23Z",
      "scrape_date": "2026-03-30T05:17:16.547333Z",
      "stabilities": [
        "unstable"
      ],
      "unfree": false,
      "version": "10.33.0",
      "outputs_to_install": [
        "out"
      ],
      "outputs": {
        "out": "/nix/store/qlbqwsia8a9rk3cp6v58y1x58c0j2wyk-pnpm-10.33.0"
      },
      "system": "x86_64-linux",
      "group": "toplevel",
      "priority": 5
    },
    {
      "attr_path": "terraform",
      "broken": false,
      "derivation": "/nix/store/8f0zgdijng9qzgl56mpbn6irarcmbn2g-terraform-1.14.6.drv",
      "description": "Tool for building, changing, and versioning infrastructure",
      "install_id": "terraform",
      "license": "BUSL-1.1",
      "locked_url": "https://github.com/flox/nixpkgs?rev=8110df5ad7abf5d4c0f6fb0f8f978390e77f9685",
      "name": "terraform-1.14.6",
      "pname": "terraform",
      "rev": "8110df5ad7abf5d4c0f6fb0f8f978390e77f9685",
      "rev_count": 971119,
      "rev_date": "2026-03-28T14:48:23Z",
      "scrape_date": "2026-03-30T03:39:09.440739Z",
      "stabilities": [
        "unstable"
      ],
      "unfree": true,
      "version": "1.14.6",
      "outputs_to_install": [
        "out"
      ],
      "outputs": {
        "out": "/nix/store/xk7hvhwbf0z6iyrs2aka1wd3hjv6f1zp-terraform-1.14.6"
      },
      "system": "aarch64-darwin",
      "group": "toplevel",
      "priority": 5
    },
    {
      "attr_path": "terraform",
      "broken": false,
      "derivation": "/nix/store/9lb94h3l0n5xnlnrvs87yph7r1zd2skb-terraform-1.14.6.drv",
      "description": "Tool for building, changing, and versioning infrastructure",
      "install_id": "terraform",
      "license": "BUSL-1.1",
      "locked_url": "https://github.com/flox/nixpkgs?rev=8110df5ad7abf5d4c0f6fb0f8f978390e77f9685",
      "name": "terraform-1.14.6",
      "pname": "terraform",
      "rev": "8110df5ad7abf5d4c0f6fb0f8f978390e77f9685",
      "rev_count": 971119,
      "rev_date": "2026-03-28T14:48:23Z",
      "scrape_date": "2026-03-30T04:12:24.522465Z",
      "stabilities": [
        "unstable"
      ],
      "unfree": true,
      "version": "1.14.6",
      "outputs_to_install": [
        "out"
      ],
      "outputs": {
        "out": "/nix/store/7hq466ahwazwk91p6llrnhs0lwikh7b5-terraform-1.14.6"
      },
      "system": "aarch64-linux",
      "group": "toplevel",
      "priority": 5
    },
    {
      "attr_path": "terraform",
      "broken": false,
      "derivation": "/nix/store/wwssl7b588h7kzh1jawjzh5n4cqbs5wh-terraform-1.14.6.drv",
      "description": "Tool for building, changing, and versioning infrastructure",
      "install_id": "terraform",
      "license": "BUSL-1.1",
      "locked_url": "https://github.com/flox/nixpkgs?rev=8110df5ad7abf5d4c0f6fb0f8f978390e77f9685",
      "name": "terraform-1.14.6",
      "pname": "terraform",
      "rev": "8110df5ad7abf5d4c0f6fb0f8f978390e77f9685",
      "rev_count": 971119,
      "rev_date": "2026-03-28T14:48:23Z",
      "scrape_date": "2026-03-30T04:42:27.808796Z",
      "stabilities": [
        "unstable"
      ],
      "unfree": true,
      "version": "1.14.6",
      "outputs_to_install": [
        "out"
      ],
      "outputs": {
        "out": "/nix/store/bvy6m79gm2gazgsy9zyikz02ljnkxcpa-terraform-1.14.6"
      },
      "system": "x86_64-darwin",
      "group": "toplevel",
      "priority": 5
    },
    {
      "attr_path": "terraform",
      "broken": false,
      "derivation": "/nix/store/kjarlcpg1kcwl5dc3ijs4lb6gsx76jb2-terraform-1.14.6.drv",
      "description": "Tool for building, changing, and versioning infrastructure",
      "install_id": "terraform",
      "license": "BUSL-1.1",
      "locked_url": "https://github.com/flox/nixpkgs?rev=8110df5ad7abf5d4c0f6fb0f8f978390e77f9685",
      "name": "terraform-1.14.6",
      "pname": "terraform",
      "rev": "8110df5ad7abf5d4c0f6fb0f8f978390e77f9685",
      "rev_count": 971119,
      "rev_date": "2026-03-28T14:48:23Z",
      "scrape_date": "2026-03-30T05:18:51.429526Z",
      "stabilities": [
        "unstable"
      ],
      "unfree": true,
      "version": "1.14.6",
      "outputs_to_install": [
        "out"
      ],
      "outputs": {
        "out": "/nix/store/b5vw87jqlrzimhfi0182i470dvizmn7i-terraform-1.14.6"
      },
      "system": "x86_64-linux",
      "group": "toplevel",
      "priority": 5
    },
    {
      "attr_path": "xvfb-run",
      "broken": false,
      "derivation": "/nix/store/2xgr2z8gxbw8rban05zq9q4yj1mpj3sq-xvfb-run-1+g87f6705.drv",
      "description": "Convenience script to run a virtualized X-Server",
      "install_id": "xvfb-run",
      "license": "GPL-2.0-only",
      "locked_url": "https://github.com/flox/nixpkgs?rev=8110df5ad7abf5d4c0f6fb0f8f978390e77f9685",
      "name": "xvfb-run-1+g87f6705",
      "pname": "xvfb-run",
      "rev": "8110df5ad7abf5d4c0f6fb0f8f978390e77f9685",
      "rev_count": 971119,
      "rev_date": "2026-03-28T14:48:23Z",
      "scrape_date": "2026-03-30T04:13:35.558737Z",
      "stabilities": [
        "unstable"
      ],
      "unfree": false,
      "version": "1+g87f6705",
      "outputs_to_install": [
        "out"
      ],
      "outputs": {
        "out": "/nix/store/48k1ldazzz8f4msif0wjz5bj2nh7qfgz-xvfb-run-1+g87f6705"
      },
      "system": "aarch64-linux",
      "group": "toplevel",
      "priority": 5
    },
    {
      "attr_path": "xvfb-run",
      "broken": false,
      "derivation": "/nix/store/n7mr658312rijdaxy476zwa9q5dvbb8n-xvfb-run-1+g87f6705.drv",
      "description": "Convenience script to run a virtualized X-Server",
      "install_id": "xvfb-run",
      "license": "GPL-2.0-only",
      "locked_url": "https://github.com/flox/nixpkgs?rev=8110df5ad7abf5d4c0f6fb0f8f978390e77f9685",
      "name": "xvfb-run-1+g87f6705",
      "pname": "xvfb-run",
      "rev": "8110df5ad7abf5d4c0f6fb0f8f978390e77f9685",
      "rev_count": 971119,
      "rev_date": "2026-03-28T14:48:23Z",
      "scrape_date": "2026-03-30T05:20:04.828422Z",
      "stabilities": [
        "unstable"
      ],
      "unfree": false,
      "version": "1+g87f6705",
      "outputs_to_install": [
        "out"
      ],
      "outputs": {
        "out": "/nix/store/sbzdw6r5mw722sm93lr86qq07vpm28xj-xvfb-run-1+g87f6705"
      },
      "system": "x86_64-linux",
      "group": "toplevel",
      "priority": 5
    }
  ]
}
